
Microsoft Visual Studio Solution File, Format Version 12.00
# Visual Studio Version 17
VisualStudioVersion = 17.7.34221.43
MinimumVisualStudioVersion = 10.0.40219.1
Project("{FAE04EC0-301F-11D3-BF4B-00C04F79EFBC}") = "Ejecicios del Gym", "Ejecicios del Gym.csproj", "{06481EA1-99C5-4620-8B9F-5ECB9FC82519}"
EndProject
Global
	GlobalSection(SolutionConfigurationPlatforms) = preSolution
		Debug|Any CPU = Debug|Any CPU
		Release|Any CPU = Release|Any CPU
	EndGlobalSection
	GlobalSection(ProjectConfigurationPlatforms) = postSolution
		{06481EA1-99C5-4620-8B9F-5ECB9FC82519}.Debug|Any CPU.ActiveCfg = Debug|Any CPU
		{06481EA1-99C5-4620-8B9F-5ECB9FC82519}.Debug|Any CPU.Build.0 = Debug|Any CPU
		{06481EA1-99C5-4620-8B9F-5ECB9FC82519}.Release|Any CPU.ActiveCfg = Release|Any CPU
		{06481EA1-99C5-4620-8B9F-5ECB9FC82519}.Release|Any CPU.Build.0 = Release|Any CPU
	EndGlobalSection
	GlobalSection(SolutionProperties) = preSolution
		HideSolutionNode = FALSE
	EndGlobalSection
	GlobalSection(ExtensibilityGlobals) = postSolution
		SolutionGuid = {11E203CB-8AF9-450F-980C-65A8BE901467}
	EndGlobalSection
EndGlobal
